
Microsoft Visual Studio Solution File, Format Version 12.00
# Visual Studio Version 16
VisualStudioVersion = 16.0.30413.136
MinimumVisualStudioVersion = 10.0.40219.1
Project("{FAE04EC0-301F-11D3-BF4B-00C04F79EFBC}") = "Singleton", "Singleton\Singleton.csproj", "{32A00209-9C9E-41AD-AC2B-F74922A4DB2B}"
EndProject
Project("{FAE04EC0-301F-11D3-BF4B-00C04F79EFBC}") = "Factory", "Factory\Factory.csproj", "{851709F5-77D4-4F1F-8503-F4B058BE8AFE}"
EndProject
Project("{FAE04EC0-301F-11D3-BF4B-00C04F79EFBC}") = "AbstractFactory", "AbstractFactory\AbstractFactory.csproj", "{B22AE973-5314-4B89-9FE2-01839DFC6763}"
EndProject
Global
	GlobalSection(SolutionConfigurationPlatforms) = preSolution
		Debug|Any CPU = Debug|Any CPU
		Release|Any CPU = Release|Any CPU
	EndGlobalSection
	GlobalSection(ProjectConfigurationPlatforms) = postSolution
		{32A00209-9C9E-41AD-AC2B-F74922A4DB2B}.Debug|Any CPU.ActiveCfg = Debug|Any CPU
		{32A00209-9C9E-41AD-AC2B-F74922A4DB2B}.Debug|Any CPU.Build.0 = Debug|Any CPU
		{32A00209-9C9E-41AD-AC2B-F74922A4DB2B}.Release|Any CPU.ActiveCfg = Release|Any CPU
		{32A00209-9C9E-41AD-AC2B-F74922A4DB2B}.Release|Any CPU.Build.0 = Release|Any CPU
		{851709F5-77D4-4F1F-8503-F4B058BE8AFE}.Debug|Any CPU.ActiveCfg = Debug|Any CPU
		{851709F5-77D4-4F1F-8503-F4B058BE8AFE}.Debug|Any CPU.Build.0 = Debug|Any CPU
		{851709F5-77D4-4F1F-8503-F4B058BE8AFE}.Release|Any CPU.ActiveCfg = Release|Any CPU
		{851709F5-77D4-4F1F-8503-F4B058BE8AFE}.Release|Any CPU.Build.0 = Release|Any CPU
		{B22AE973-5314-4B89-9FE2-01839DFC6763}.Debug|Any CPU.ActiveCfg = Debug|Any CPU
		{B22AE973-5314-4B89-9FE2-01839DFC6763}.Debug|Any CPU.Build.0 = Debug|Any CPU
		{B22AE973-5314-4B89-9FE2-01839DFC6763}.Release|Any CPU.ActiveCfg = Release|Any CPU
		{B22AE973-5314-4B89-9FE2-01839DFC6763}.Release|Any CPU.Build.0 = Release|Any CPU
	EndGlobalSection
	GlobalSection(SolutionProperties) = preSolution
		HideSolutionNode = FALSE
	EndGlobalSection
	GlobalSection(ExtensibilityGlobals) = postSolution
		SolutionGuid = {2C29477E-CB1A-4CD8-B64D-59CBFD9514B9}
	EndGlobalSection
EndGlobal
