
Microsoft Visual Studio Solution File, Format Version 12.00
# Visual Studio Version 16
VisualStudioVersion = 16.0.30413.136
MinimumVisualStudioVersion = 10.0.40219.1
Project("{FAE04EC0-301F-11D3-BF4B-00C04F79EFBC}") = "Singleton", "Singleton\Singleton.csproj", "{32A00209-9C9E-41AD-AC2B-F74922A4DB2B}"
EndProject
Project("{FAE04EC0-301F-11D3-BF4B-00C04F79EFBC}") = "Factory", "Factory\Factory.csproj", "{851709F5-77D4-4F1F-8503-F4B058BE8AFE}"
EndProject
Project("{FAE04EC0-301F-11D3-BF4B-00C04F79EFBC}") = "AbstractFactory", "AbstractFactory\AbstractFactory.csproj", "{B22AE973-5314-4B89-9FE2-01839DFC6763}"
EndProject
Project("{FAE04EC0-301F-11D3-BF4B-00C04F79EFBC}") = "Prototype", "Prototype\Prototype.csproj", "{77673622-1BDB-4B2B-99EC-BF918711E44F}"
EndProject
Project("{FAE04EC0-301F-11D3-BF4B-00C04F79EFBC}") = "Builder", "Builder\Builder.csproj", "{8750DBAF-F81A-4B3D-ADA3-9AF9ED3497BE}"
EndProject
Project("{FAE04EC0-301F-11D3-BF4B-00C04F79EFBC}") = "Facade", "Facade\Facade.csproj", "{06BE35E0-4A23-4C5A-BFB4-031738C6FDE5}"
EndProject
Project("{FAE04EC0-301F-11D3-BF4B-00C04F79EFBC}") = "Adapter", "Adapter\Adapter.csproj", "{1D08C1BF-8C16-4940-A535-36CA2CE39A48}"
EndProject
Project("{FAE04EC0-301F-11D3-BF4B-00C04F79EFBC}") = "Composite", "Composite\Composite.csproj", "{DF15CBF7-B772-4B58-8E76-81C1105F097F}"
EndProject
Project("{FAE04EC0-301F-11D3-BF4B-00C04F79EFBC}") = "Composite2", "Composite'\Composite2.csproj", "{B8C99A36-9827-40C8-B043-80EB41A0AD67}"
EndProject
Project("{FAE04EC0-301F-11D3-BF4B-00C04F79EFBC}") = "Proxy", "Proxy\Proxy.csproj", "{214FC548-D9CB-45CA-AF6A-B58975466E29}"
EndProject
Project("{FAE04EC0-301F-11D3-BF4B-00C04F79EFBC}") = "Decorator", "Decorator\Decorator.csproj", "{082E2FC7-E0B8-4748-BFCF-2BB63ACDBCF3}"
EndProject
Global
	GlobalSection(SolutionConfigurationPlatforms) = preSolution
		Debug|Any CPU = Debug|Any CPU
		Release|Any CPU = Release|Any CPU
	EndGlobalSection
	GlobalSection(ProjectConfigurationPlatforms) = postSolution
		{32A00209-9C9E-41AD-AC2B-F74922A4DB2B}.Debug|Any CPU.ActiveCfg = Debug|Any CPU
		{32A00209-9C9E-41AD-AC2B-F74922A4DB2B}.Debug|Any CPU.Build.0 = Debug|Any CPU
		{32A00209-9C9E-41AD-AC2B-F74922A4DB2B}.Release|Any CPU.ActiveCfg = Release|Any CPU
		{32A00209-9C9E-41AD-AC2B-F74922A4DB2B}.Release|Any CPU.Build.0 = Release|Any CPU
		{851709F5-77D4-4F1F-8503-F4B058BE8AFE}.Debug|Any CPU.ActiveCfg = Debug|Any CPU
		{851709F5-77D4-4F1F-8503-F4B058BE8AFE}.Debug|Any CPU.Build.0 = Debug|Any CPU
		{851709F5-77D4-4F1F-8503-F4B058BE8AFE}.Release|Any CPU.ActiveCfg = Release|Any CPU
		{851709F5-77D4-4F1F-8503-F4B058BE8AFE}.Release|Any CPU.Build.0 = Release|Any CPU
		{B22AE973-5314-4B89-9FE2-01839DFC6763}.Debug|Any CPU.ActiveCfg = Debug|Any CPU
		{B22AE973-5314-4B89-9FE2-01839DFC6763}.Debug|Any CPU.Build.0 = Debug|Any CPU
		{B22AE973-5314-4B89-9FE2-01839DFC6763}.Release|Any CPU.ActiveCfg = Release|Any CPU
		{B22AE973-5314-4B89-9FE2-01839DFC6763}.Release|Any CPU.Build.0 = Release|Any CPU
		{77673622-1BDB-4B2B-99EC-BF918711E44F}.Debug|Any CPU.ActiveCfg = Debug|Any CPU
		{77673622-1BDB-4B2B-99EC-BF918711E44F}.Debug|Any CPU.Build.0 = Debug|Any CPU
		{77673622-1BDB-4B2B-99EC-BF918711E44F}.Release|Any CPU.ActiveCfg = Release|Any CPU
		{77673622-1BDB-4B2B-99EC-BF918711E44F}.Release|Any CPU.Build.0 = Release|Any CPU
		{8750DBAF-F81A-4B3D-ADA3-9AF9ED3497BE}.Debug|Any CPU.ActiveCfg = Debug|Any CPU
		{8750DBAF-F81A-4B3D-ADA3-9AF9ED3497BE}.Debug|Any CPU.Build.0 = Debug|Any CPU
		{8750DBAF-F81A-4B3D-ADA3-9AF9ED3497BE}.Release|Any CPU.ActiveCfg = Release|Any CPU
		{8750DBAF-F81A-4B3D-ADA3-9AF9ED3497BE}.Release|Any CPU.Build.0 = Release|Any CPU
		{06BE35E0-4A23-4C5A-BFB4-031738C6FDE5}.Debug|Any CPU.ActiveCfg = Debug|Any CPU
		{06BE35E0-4A23-4C5A-BFB4-031738C6FDE5}.Debug|Any CPU.Build.0 = Debug|Any CPU
		{06BE35E0-4A23-4C5A-BFB4-031738C6FDE5}.Release|Any CPU.ActiveCfg = Release|Any CPU
		{06BE35E0-4A23-4C5A-BFB4-031738C6FDE5}.Release|Any CPU.Build.0 = Release|Any CPU
		{1D08C1BF-8C16-4940-A535-36CA2CE39A48}.Debug|Any CPU.ActiveCfg = Debug|Any CPU
		{1D08C1BF-8C16-4940-A535-36CA2CE39A48}.Debug|Any CPU.Build.0 = Debug|Any CPU
		{1D08C1BF-8C16-4940-A535-36CA2CE39A48}.Release|Any CPU.ActiveCfg = Release|Any CPU
		{1D08C1BF-8C16-4940-A535-36CA2CE39A48}.Release|Any CPU.Build.0 = Release|Any CPU
		{DF15CBF7-B772-4B58-8E76-81C1105F097F}.Debug|Any CPU.ActiveCfg = Debug|Any CPU
		{DF15CBF7-B772-4B58-8E76-81C1105F097F}.Debug|Any CPU.Build.0 = Debug|Any CPU
		{DF15CBF7-B772-4B58-8E76-81C1105F097F}.Release|Any CPU.ActiveCfg = Release|Any CPU
		{DF15CBF7-B772-4B58-8E76-81C1105F097F}.Release|Any CPU.Build.0 = Release|Any CPU
		{B8C99A36-9827-40C8-B043-80EB41A0AD67}.Debug|Any CPU.ActiveCfg = Debug|Any CPU
		{B8C99A36-9827-40C8-B043-80EB41A0AD67}.Debug|Any CPU.Build.0 = Debug|Any CPU
		{B8C99A36-9827-40C8-B043-80EB41A0AD67}.Release|Any CPU.ActiveCfg = Release|Any CPU
		{B8C99A36-9827-40C8-B043-80EB41A0AD67}.Release|Any CPU.Build.0 = Release|Any CPU
		{214FC548-D9CB-45CA-AF6A-B58975466E29}.Debug|Any CPU.ActiveCfg = Debug|Any CPU
		{214FC548-D9CB-45CA-AF6A-B58975466E29}.Debug|Any CPU.Build.0 = Debug|Any CPU
		{214FC548-D9CB-45CA-AF6A-B58975466E29}.Release|Any CPU.ActiveCfg = Release|Any CPU
		{214FC548-D9CB-45CA-AF6A-B58975466E29}.Release|Any CPU.Build.0 = Release|Any CPU
		{082E2FC7-E0B8-4748-BFCF-2BB63ACDBCF3}.Debug|Any CPU.ActiveCfg = Debug|Any CPU
		{082E2FC7-E0B8-4748-BFCF-2BB63ACDBCF3}.Debug|Any CPU.Build.0 = Debug|Any CPU
		{082E2FC7-E0B8-4748-BFCF-2BB63ACDBCF3}.Release|Any CPU.ActiveCfg = Release|Any CPU
		{082E2FC7-E0B8-4748-BFCF-2BB63ACDBCF3}.Release|Any CPU.Build.0 = Release|Any CPU
	EndGlobalSection
	GlobalSection(SolutionProperties) = preSolution
		HideSolutionNode = FALSE
	EndGlobalSection
	GlobalSection(ExtensibilityGlobals) = postSolution
		SolutionGuid = {2C29477E-CB1A-4CD8-B64D-59CBFD9514B9}
	EndGlobalSection
EndGlobal
